
Microsoft Visual Studio Solution File, Format Version 12.00
# Visual Studio Version 17
VisualStudioVersion = 17.9.34728.123
MinimumVisualStudioVersion = 10.0.40219.1
Project("{FAE04EC0-301F-11D3-BF4B-00C04F79EFBC}") = "Tienda celular", "Tienda celular.csproj", "{8AE3EA84-E1C1-41DF-9533-B9E0DD696E60}"
EndProject
Global
	GlobalSection(SolutionConfigurationPlatforms) = preSolution
		Debug|Any CPU = Debug|Any CPU
		Release|Any CPU = Release|Any CPU
	EndGlobalSection
	GlobalSection(ProjectConfigurationPlatforms) = postSolution
		{8AE3EA84-E1C1-41DF-9533-B9E0DD696E60}.Debug|Any CPU.ActiveCfg = Debug|Any CPU
		{8AE3EA84-E1C1-41DF-9533-B9E0DD696E60}.Debug|Any CPU.Build.0 = Debug|Any CPU
		{8AE3EA84-E1C1-41DF-9533-B9E0DD696E60}.Release|Any CPU.ActiveCfg = Release|Any CPU
		{8AE3EA84-E1C1-41DF-9533-B9E0DD696E60}.Release|Any CPU.Build.0 = Release|Any CPU
	EndGlobalSection
	GlobalSection(SolutionProperties) = preSolution
		HideSolutionNode = FALSE
	EndGlobalSection
	GlobalSection(ExtensibilityGlobals) = postSolution
		SolutionGuid = {E2FF1E31-C5C7-4944-BA56-DAD58C2F959A}
	EndGlobalSection
EndGlobal
